PODS:
  - Alamofire (4.7.3)
  - MagicMapper (1.0.2)
  - SMSDK (0.1.0):
    - Alamofire
    - MagicMapper

DEPENDENCIES:
  - SMSDK (from `../`)

SPEC REPOS:
  https://github.com/CocoaPods/Specs.git:
    - Alamofire
    - MagicMapper

EXTERNAL SOURCES:
  SMSDK:
    :path: "../"

SPEC CHECKSUMS:
  Alamofire: c7287b6e5d7da964a70935e5db17046b7fde6568
  MagicMapper: 1909d0e15b7a3ef7faec2c5e30791eed0815e934
  SMSDK: 6cbfee0bb58f58424c4956d7d7c8f112a044cfba

PODFILE CHECKSUM: 2613dd11fa639f064b25e0fc7c67064fbd51f0f8

COCOAPODS: 1.5.0
