PODS:
  - Alamofire (4.7.3)
  - MagicMapper (1.0.2)
  - SMSDK (0.1.0):
    - Alamofire
    - MagicMapper

DEPENDENCIES:
  - SMSDK (from `../`)

SPEC REPOS:
  https://github.com/CocoaPods/Specs.git:
    - Alamofire
    - MagicMapper

EXTERNAL SOURCES:
  SMSDK:
    :path: "../"

SPEC CHECKSUMS:
  Alamofire: c7287b6e5d7da964a70935e5db17046b7fde6568
  MagicMapper: 1909d0e15b7a3ef7faec2c5e30791eed0815e934
  SMSDK: 78da23365d7b2ffcf5276bcc6f39ec98c06efd7e

PODFILE CHECKSUM: 2613dd11fa639f064b25e0fc7c67064fbd51f0f8

COCOAPODS: 1.5.0
