PODS:
  - Alamofire (4.7.3)
  - MagicMapper (1.0.2)
  - SMSDK (0.1.0):
    - Alamofire
    - MagicMapper

DEPENDENCIES:
  - SMSDK (from `../`)

SPEC REPOS:
  https://github.com/CocoaPods/Specs.git:
    - Alamofire
    - MagicMapper

EXTERNAL SOURCES:
  SMSDK:
    :path: "../"

SPEC CHECKSUMS:
  Alamofire: c7287b6e5d7da964a70935e5db17046b7fde6568
  MagicMapper: 1909d0e15b7a3ef7faec2c5e30791eed0815e934
  SMSDK: 6a504247719ccd40be4a9b0c700858c17ee6c289

PODFILE CHECKSUM: 074dd9f8f2ed7de68a741c1b78617ab5f2f98042

COCOAPODS: 1.5.0
